
Microsoft Visual Studio Solution File, Format Version 12.00
# Visual Studio 15
VisualStudioVersion = 15.0.28307.106
MinimumVisualStudioVersion = 10.0.40219.1
Project("{9A19103F-16F7-4668-BE54-9A1E7A4F7556}") = "Nexus.Link.Eav.Repository", "Nexus.Link.Eav.Repository\Nexus.Link.Eav.Repository.csproj", "{36C52D02-FED1-4BC0-A309-3EB5C21A5C87}"
EndProject
Project("{FAE04EC0-301F-11D3-BF4B-00C04F79EFBC}") = "Nexus.Link.Eav.Repository.UnitTest", "Nexus.Link.Eav.Repository.UnitTest\Nexus.Link.Eav.Repository.UnitTest.csproj", "{5FF56F50-AD97-4F56-8790-FDB5B67C402D}"
EndProject
Global
	GlobalSection(SolutionConfigurationPlatforms) = preSolution
		Debug|Any CPU = Debug|Any CPU
		Release|Any CPU = Release|Any CPU
	EndGlobalSection
	GlobalSection(ProjectConfigurationPlatforms) = postSolution
		{36C52D02-FED1-4BC0-A309-3EB5C21A5C87}.Debug|Any CPU.ActiveCfg = Debug|Any CPU
		{36C52D02-FED1-4BC0-A309-3EB5C21A5C87}.Debug|Any CPU.Build.0 = Debug|Any CPU
		{36C52D02-FED1-4BC0-A309-3EB5C21A5C87}.Release|Any CPU.ActiveCfg = Release|Any CPU
		{36C52D02-FED1-4BC0-A309-3EB5C21A5C87}.Release|Any CPU.Build.0 = Release|Any CPU
		{5FF56F50-AD97-4F56-8790-FDB5B67C402D}.Debug|Any CPU.ActiveCfg = Debug|Any CPU
		{5FF56F50-AD97-4F56-8790-FDB5B67C402D}.Debug|Any CPU.Build.0 = Debug|Any CPU
		{5FF56F50-AD97-4F56-8790-FDB5B67C402D}.Release|Any CPU.ActiveCfg = Release|Any CPU
		{5FF56F50-AD97-4F56-8790-FDB5B67C402D}.Release|Any CPU.Build.0 = Release|Any CPU
	EndGlobalSection
	GlobalSection(SolutionProperties) = preSolution
		HideSolutionNode = FALSE
	EndGlobalSection
	GlobalSection(ExtensibilityGlobals) = postSolution
		SolutionGuid = {C9282B5A-A1A3-4908-9E86-C08D2FD7EB0E}
	EndGlobalSection
EndGlobal
